
Microsoft Visual Studio Solution File, Format Version 12.00
# Visual Studio Version 17
VisualStudioVersion = 17.12.35506.116
MinimumVisualStudioVersion = 10.0.40219.1
Project("{FAE04EC0-301F-11D3-BF4B-00C04F79EFBC}") = "SampleWinForm", "SampleApp\SampleWinForm\SampleWinForm.csproj", "{5A9AF259-F80E-410F-BD4A-EAD61BC3AE81}"
EndProject
Project("{2150E333-8FDC-42A3-9474-1A3956D46DE8}") = "App", "App", "{FD7341DC-D22C-4E37-AAA9-4B367B457848}"
EndProject
Project("{2150E333-8FDC-42A3-9474-1A3956D46DE8}") = "Tests", "Tests", "{908608E0-17F0-4BF8-A521-146BBD65AC09}"
EndProject
Project("{FAE04EC0-301F-11D3-BF4B-00C04F79EFBC}") = "WinFormsAppTest", "..\tests\WinFormsAppTest\WinFormsAppTest.csproj", "{A7CB4101-0C05-47FE-9ECB-4754D910084A}"
EndProject
Project("{FAE04EC0-301F-11D3-BF4B-00C04F79EFBC}") = "ProtoDefinitions", "ProtoDefinitions\ProtoDefinitions.csproj", "{2C5C1EFA-4F77-4F66-A8B2-DD1E20B65305}"
EndProject
Project("{FAE04EC0-301F-11D3-BF4B-00C04F79EFBC}") = "RegressionTest", "..\tests\RegressionTest\RegressionTest.csproj", "{A3A7C622-E786-45EC-9054-E1F590F7B782}"
EndProject
Global
	GlobalSection(SolutionConfigurationPlatforms) = preSolution
		Debug|Any CPU = Debug|Any CPU
		Release|Any CPU = Release|Any CPU
	EndGlobalSection
	GlobalSection(ProjectConfigurationPlatforms) = postSolution
		{5A9AF259-F80E-410F-BD4A-EAD61BC3AE81}.Debug|Any CPU.ActiveCfg = Debug|Any CPU
		{5A9AF259-F80E-410F-BD4A-EAD61BC3AE81}.Debug|Any CPU.Build.0 = Debug|Any CPU
		{5A9AF259-F80E-410F-BD4A-EAD61BC3AE81}.Release|Any CPU.ActiveCfg = Release|Any CPU
		{5A9AF259-F80E-410F-BD4A-EAD61BC3AE81}.Release|Any CPU.Build.0 = Release|Any CPU
		{A7CB4101-0C05-47FE-9ECB-4754D910084A}.Debug|Any CPU.ActiveCfg = Debug|Any CPU
		{A7CB4101-0C05-47FE-9ECB-4754D910084A}.Debug|Any CPU.Build.0 = Debug|Any CPU
		{A7CB4101-0C05-47FE-9ECB-4754D910084A}.Release|Any CPU.ActiveCfg = Release|Any CPU
		{A7CB4101-0C05-47FE-9ECB-4754D910084A}.Release|Any CPU.Build.0 = Release|Any CPU
		{2C5C1EFA-4F77-4F66-A8B2-DD1E20B65305}.Debug|Any CPU.ActiveCfg = Debug|Any CPU
		{2C5C1EFA-4F77-4F66-A8B2-DD1E20B65305}.Debug|Any CPU.Build.0 = Debug|Any CPU
		{2C5C1EFA-4F77-4F66-A8B2-DD1E20B65305}.Release|Any CPU.ActiveCfg = Release|Any CPU
		{2C5C1EFA-4F77-4F66-A8B2-DD1E20B65305}.Release|Any CPU.Build.0 = Release|Any CPU
		{A3A7C622-E786-45EC-9054-E1F590F7B782}.Debug|Any CPU.ActiveCfg = Debug|Any CPU
		{A3A7C622-E786-45EC-9054-E1F590F7B782}.Debug|Any CPU.Build.0 = Debug|Any CPU
		{A3A7C622-E786-45EC-9054-E1F590F7B782}.Release|Any CPU.ActiveCfg = Release|Any CPU
		{A3A7C622-E786-45EC-9054-E1F590F7B782}.Release|Any CPU.Build.0 = Release|Any CPU
	EndGlobalSection
	GlobalSection(SolutionProperties) = preSolution
		HideSolutionNode = FALSE
	EndGlobalSection
	GlobalSection(NestedProjects) = preSolution
		{5A9AF259-F80E-410F-BD4A-EAD61BC3AE81} = {FD7341DC-D22C-4E37-AAA9-4B367B457848}
		{A7CB4101-0C05-47FE-9ECB-4754D910084A} = {908608E0-17F0-4BF8-A521-146BBD65AC09}
		{2C5C1EFA-4F77-4F66-A8B2-DD1E20B65305} = {FD7341DC-D22C-4E37-AAA9-4B367B457848}
		{A3A7C622-E786-45EC-9054-E1F590F7B782} = {908608E0-17F0-4BF8-A521-146BBD65AC09}
	EndGlobalSection
EndGlobal
